
Microsoft Visual Studio Solution File, Format Version 12.00
# Visual Studio Version 16
VisualStudioVersion = 16.0.30011.22
MinimumVisualStudioVersion = 10.0.40219.1
Project("{FAE04EC0-301F-11D3-BF4B-00C04F79EFBC}") = "Задание 2.1", "Задание 2.2\Задание 2.1.csproj", "{AD2F379C-198F-49E3-AEBF-B90F5E2C26E0}"
EndProject
Global
	GlobalSection(SolutionConfigurationPlatforms) = preSolution
		Debug|Any CPU = Debug|Any CPU
		Release|Any CPU = Release|Any CPU
	EndGlobalSection
	GlobalSection(ProjectConfigurationPlatforms) = postSolution
		{AD2F379C-198F-49E3-AEBF-B90F5E2C26E0}.Debug|Any CPU.ActiveCfg = Debug|Any CPU
		{AD2F379C-198F-49E3-AEBF-B90F5E2C26E0}.Debug|Any CPU.Build.0 = Debug|Any CPU
		{AD2F379C-198F-49E3-AEBF-B90F5E2C26E0}.Release|Any CPU.ActiveCfg = Release|Any CPU
		{AD2F379C-198F-49E3-AEBF-B90F5E2C26E0}.Release|Any CPU.Build.0 = Release|Any CPU
	EndGlobalSection
	GlobalSection(SolutionProperties) = preSolution
		HideSolutionNode = FALSE
	EndGlobalSection
	GlobalSection(ExtensibilityGlobals) = postSolution
		SolutionGuid = {9A8B577B-D9A1-4F93-A2F6-A11334819322}
	EndGlobalSection
EndGlobal
