
Microsoft Visual Studio Solution File, Format Version 12.00
# Visual Studio Version 16
VisualStudioVersion = 16.0.30011.22
MinimumVisualStudioVersion = 10.0.40219.1
Project("{FAE04EC0-301F-11D3-BF4B-00C04F79EFBC}") = "Задание 2.2", "Задание 2.2\Задание 2.2.csproj", "{A9ED2B90-1464-4A2E-9DEF-45BC69F5BCB5}"
EndProject
Global
	GlobalSection(SolutionConfigurationPlatforms) = preSolution
		Debug|Any CPU = Debug|Any CPU
		Release|Any CPU = Release|Any CPU
	EndGlobalSection
	GlobalSection(ProjectConfigurationPlatforms) = postSolution
		{A9ED2B90-1464-4A2E-9DEF-45BC69F5BCB5}.Debug|Any CPU.ActiveCfg = Debug|Any CPU
		{A9ED2B90-1464-4A2E-9DEF-45BC69F5BCB5}.Debug|Any CPU.Build.0 = Debug|Any CPU
		{A9ED2B90-1464-4A2E-9DEF-45BC69F5BCB5}.Release|Any CPU.ActiveCfg = Release|Any CPU
		{A9ED2B90-1464-4A2E-9DEF-45BC69F5BCB5}.Release|Any CPU.Build.0 = Release|Any CPU
	EndGlobalSection
	GlobalSection(SolutionProperties) = preSolution
		HideSolutionNode = FALSE
	EndGlobalSection
	GlobalSection(ExtensibilityGlobals) = postSolution
		SolutionGuid = {4373B50A-261D-4E0E-A1BF-CFD3E4525FFC}
	EndGlobalSection
EndGlobal
