
Microsoft Visual Studio Solution File, Format Version 12.00
# Visual Studio Version 16
VisualStudioVersion = 16.0.29926.136
MinimumVisualStudioVersion = 10.0.40219.1
Project("{FAE04EC0-301F-11D3-BF4B-00C04F79EFBC}") = "WindowsFormsApp13", "WindowsFormsApp13\WindowsFormsApp13.csproj", "{485D2E51-2D9D-485C-B7D8-36A29D8B1E5C}"
EndProject
Global
	GlobalSection(SolutionConfigurationPlatforms) = preSolution
		Debug|Any CPU = Debug|Any CPU
		Release|Any CPU = Release|Any CPU
	EndGlobalSection
	GlobalSection(ProjectConfigurationPlatforms) = postSolution
		{485D2E51-2D9D-485C-B7D8-36A29D8B1E5C}.Debug|Any CPU.ActiveCfg = Debug|Any CPU
		{485D2E51-2D9D-485C-B7D8-36A29D8B1E5C}.Debug|Any CPU.Build.0 = Debug|Any CPU
		{485D2E51-2D9D-485C-B7D8-36A29D8B1E5C}.Release|Any CPU.ActiveCfg = Release|Any CPU
		{485D2E51-2D9D-485C-B7D8-36A29D8B1E5C}.Release|Any CPU.Build.0 = Release|Any CPU
	EndGlobalSection
	GlobalSection(SolutionProperties) = preSolution
		HideSolutionNode = FALSE
	EndGlobalSection
	GlobalSection(ExtensibilityGlobals) = postSolution
		SolutionGuid = {6445AC63-C5F6-4958-8699-4D28DCF967EF}
	EndGlobalSection
EndGlobal
