
Microsoft Visual Studio Solution File, Format Version 12.00
# Visual Studio Version 16
VisualStudioVersion = 16.0.30011.22
MinimumVisualStudioVersion = 10.0.40219.1
Project("{FAE04EC0-301F-11D3-BF4B-00C04F79EFBC}") = "Урок 23", "Урок 23\Урок 23.csproj", "{60C69AE9-041E-437C-838B-58DAC6656E92}"
EndProject
Global
	GlobalSection(SolutionConfigurationPlatforms) = preSolution
		Debug|Any CPU = Debug|Any CPU
		Release|Any CPU = Release|Any CPU
	EndGlobalSection
	GlobalSection(ProjectConfigurationPlatforms) = postSolution
		{60C69AE9-041E-437C-838B-58DAC6656E92}.Debug|Any CPU.ActiveCfg = Debug|Any CPU
		{60C69AE9-041E-437C-838B-58DAC6656E92}.Debug|Any CPU.Build.0 = Debug|Any CPU
		{60C69AE9-041E-437C-838B-58DAC6656E92}.Release|Any CPU.ActiveCfg = Release|Any CPU
		{60C69AE9-041E-437C-838B-58DAC6656E92}.Release|Any CPU.Build.0 = Release|Any CPU
	EndGlobalSection
	GlobalSection(SolutionProperties) = preSolution
		HideSolutionNode = FALSE
	EndGlobalSection
	GlobalSection(ExtensibilityGlobals) = postSolution
		SolutionGuid = {F81A3077-8B65-4536-87B2-FD71D8E9DAC4}
	EndGlobalSection
EndGlobal
