
Microsoft Visual Studio Solution File, Format Version 12.00
# Visual Studio Version 16
VisualStudioVersion = 16.0.29926.136
MinimumVisualStudioVersion = 10.0.40219.1
Project("{FAE04EC0-301F-11D3-BF4B-00C04F79EFBC}") = "Задание 3.1", "Задание 3.1\Задание 3.1.csproj", "{B38811DC-36B1-4662-AA46-AD05D562B62C}"
EndProject
Global
	GlobalSection(SolutionConfigurationPlatforms) = preSolution
		Debug|Any CPU = Debug|Any CPU
		Release|Any CPU = Release|Any CPU
	EndGlobalSection
	GlobalSection(ProjectConfigurationPlatforms) = postSolution
		{B38811DC-36B1-4662-AA46-AD05D562B62C}.Debug|Any CPU.ActiveCfg = Debug|Any CPU
		{B38811DC-36B1-4662-AA46-AD05D562B62C}.Debug|Any CPU.Build.0 = Debug|Any CPU
		{B38811DC-36B1-4662-AA46-AD05D562B62C}.Release|Any CPU.ActiveCfg = Release|Any CPU
		{B38811DC-36B1-4662-AA46-AD05D562B62C}.Release|Any CPU.Build.0 = Release|Any CPU
	EndGlobalSection
	GlobalSection(SolutionProperties) = preSolution
		HideSolutionNode = FALSE
	EndGlobalSection
	GlobalSection(ExtensibilityGlobals) = postSolution
		SolutionGuid = {3277DBD3-77A0-4E7F-B035-02AA8101ADDB}
	EndGlobalSection
EndGlobal
