
Microsoft Visual Studio Solution File, Format Version 12.00
# Visual Studio Version 16
VisualStudioVersion = 16.0.29926.136
MinimumVisualStudioVersion = 10.0.40219.1
Project("{FAE04EC0-301F-11D3-BF4B-00C04F79EFBC}") = "Задание 4.1.1", "Задание 4.1.1\Задание 4.1.1.csproj", "{B643394B-D7CD-4CE1-A84D-F3C1A013B562}"
EndProject
Global
	GlobalSection(SolutionConfigurationPlatforms) = preSolution
		Debug|Any CPU = Debug|Any CPU
		Release|Any CPU = Release|Any CPU
	EndGlobalSection
	GlobalSection(ProjectConfigurationPlatforms) = postSolution
		{B643394B-D7CD-4CE1-A84D-F3C1A013B562}.Debug|Any CPU.ActiveCfg = Debug|Any CPU
		{B643394B-D7CD-4CE1-A84D-F3C1A013B562}.Debug|Any CPU.Build.0 = Debug|Any CPU
		{B643394B-D7CD-4CE1-A84D-F3C1A013B562}.Release|Any CPU.ActiveCfg = Release|Any CPU
		{B643394B-D7CD-4CE1-A84D-F3C1A013B562}.Release|Any CPU.Build.0 = Release|Any CPU
	EndGlobalSection
	GlobalSection(SolutionProperties) = preSolution
		HideSolutionNode = FALSE
	EndGlobalSection
	GlobalSection(ExtensibilityGlobals) = postSolution
		SolutionGuid = {D6FDE183-53E0-4637-B966-822F3F25103A}
	EndGlobalSection
EndGlobal
