
Microsoft Visual Studio Solution File, Format Version 12.00
# Visual Studio Version 16
VisualStudioVersion = 16.0.29926.136
MinimumVisualStudioVersion = 10.0.40219.1
Project("{FAE04EC0-301F-11D3-BF4B-00C04F79EFBC}") = "WindowsFormsApp14", "WindowsFormsApp14\WindowsFormsApp14.csproj", "{A5F2F7FE-654C-41C4-96C2-0E261966B318}"
EndProject
Global
	GlobalSection(SolutionConfigurationPlatforms) = preSolution
		Debug|Any CPU = Debug|Any CPU
		Release|Any CPU = Release|Any CPU
	EndGlobalSection
	GlobalSection(ProjectConfigurationPlatforms) = postSolution
		{A5F2F7FE-654C-41C4-96C2-0E261966B318}.Debug|Any CPU.ActiveCfg = Debug|Any CPU
		{A5F2F7FE-654C-41C4-96C2-0E261966B318}.Debug|Any CPU.Build.0 = Debug|Any CPU
		{A5F2F7FE-654C-41C4-96C2-0E261966B318}.Release|Any CPU.ActiveCfg = Release|Any CPU
		{A5F2F7FE-654C-41C4-96C2-0E261966B318}.Release|Any CPU.Build.0 = Release|Any CPU
	EndGlobalSection
	GlobalSection(SolutionProperties) = preSolution
		HideSolutionNode = FALSE
	EndGlobalSection
	GlobalSection(ExtensibilityGlobals) = postSolution
		SolutionGuid = {E6660677-0E82-40A2-ABEA-FD7DB465A8EC}
	EndGlobalSection
EndGlobal
