
Microsoft Visual Studio Solution File, Format Version 12.00
# Visual Studio Version 16
VisualStudioVersion = 16.0.29926.136
MinimumVisualStudioVersion = 10.0.40219.1
Project("{FAE04EC0-301F-11D3-BF4B-00C04F79EFBC}") = "Задание 1.2", "Задание 1.2\Задание 1.2.csproj", "{5B94FE7B-02F9-405B-93E1-03558D86B67C}"
EndProject
Global
	GlobalSection(SolutionConfigurationPlatforms) = preSolution
		Debug|Any CPU = Debug|Any CPU
		Release|Any CPU = Release|Any CPU
	EndGlobalSection
	GlobalSection(ProjectConfigurationPlatforms) = postSolution
		{5B94FE7B-02F9-405B-93E1-03558D86B67C}.Debug|Any CPU.ActiveCfg = Debug|Any CPU
		{5B94FE7B-02F9-405B-93E1-03558D86B67C}.Debug|Any CPU.Build.0 = Debug|Any CPU
		{5B94FE7B-02F9-405B-93E1-03558D86B67C}.Release|Any CPU.ActiveCfg = Release|Any CPU
		{5B94FE7B-02F9-405B-93E1-03558D86B67C}.Release|Any CPU.Build.0 = Release|Any CPU
	EndGlobalSection
	GlobalSection(SolutionProperties) = preSolution
		HideSolutionNode = FALSE
	EndGlobalSection
	GlobalSection(ExtensibilityGlobals) = postSolution
		SolutionGuid = {72B5CF6B-03A5-482C-BA76-639E0BBED8BB}
	EndGlobalSection
EndGlobal
