
Microsoft Visual Studio Solution File, Format Version 12.00
# Visual Studio Version 16
VisualStudioVersion = 16.0.29926.136
MinimumVisualStudioVersion = 10.0.40219.1
Project("{FAE04EC0-301F-11D3-BF4B-00C04F79EFBC}") = "WindowsFormsApp8", "WindowsFormsApp8\WindowsFormsApp8.csproj", "{CA5331B4-C0EC-4DA4-9B09-309FE7FCAFD5}"
EndProject
Global
	GlobalSection(SolutionConfigurationPlatforms) = preSolution
		Debug|Any CPU = Debug|Any CPU
		Release|Any CPU = Release|Any CPU
	EndGlobalSection
	GlobalSection(ProjectConfigurationPlatforms) = postSolution
		{CA5331B4-C0EC-4DA4-9B09-309FE7FCAFD5}.Debug|Any CPU.ActiveCfg = Debug|Any CPU
		{CA5331B4-C0EC-4DA4-9B09-309FE7FCAFD5}.Debug|Any CPU.Build.0 = Debug|Any CPU
		{CA5331B4-C0EC-4DA4-9B09-309FE7FCAFD5}.Release|Any CPU.ActiveCfg = Release|Any CPU
		{CA5331B4-C0EC-4DA4-9B09-309FE7FCAFD5}.Release|Any CPU.Build.0 = Release|Any CPU
	EndGlobalSection
	GlobalSection(SolutionProperties) = preSolution
		HideSolutionNode = FALSE
	EndGlobalSection
	GlobalSection(ExtensibilityGlobals) = postSolution
		SolutionGuid = {C7EDCF52-8225-40EE-9C4F-ABB87E52D8E8}
	EndGlobalSection
EndGlobal
